
Microsoft Visual Studio Solution File, Format Version 12.00
# Visual Studio Version 16
VisualStudioVersion = 16.0.29306.81
MinimumVisualStudioVersion = 10.0.40219.1
Project("{FAE04EC0-301F-11D3-BF4B-00C04F79EFBC}") = "Assignment1", "Assignment1\Assignment1.csproj", "{CE150531-214D-4434-BD07-9A49112840D3}"
EndProject
Project("{FAE04EC0-301F-11D3-BF4B-00C04F79EFBC}") = "NUnitTestAssignment1", "NUnitTestAssignment1\NUnitTestAssignment1.csproj", "{62849444-5FC7-4900-9806-09092864D376}"
EndProject
Global
	GlobalSection(SolutionConfigurationPlatforms) = preSolution
		Debug|Any CPU = Debug|Any CPU
		Release|Any CPU = Release|Any CPU
	EndGlobalSection
	GlobalSection(ProjectConfigurationPlatforms) = postSolution
		{CE150531-214D-4434-BD07-9A49112840D3}.Debug|Any CPU.ActiveCfg = Debug|Any CPU
		{CE150531-214D-4434-BD07-9A49112840D3}.Debug|Any CPU.Build.0 = Debug|Any CPU
		{CE150531-214D-4434-BD07-9A49112840D3}.Release|Any CPU.ActiveCfg = Release|Any CPU
		{CE150531-214D-4434-BD07-9A49112840D3}.Release|Any CPU.Build.0 = Release|Any CPU
		{62849444-5FC7-4900-9806-09092864D376}.Debug|Any CPU.ActiveCfg = Debug|Any CPU
		{62849444-5FC7-4900-9806-09092864D376}.Debug|Any CPU.Build.0 = Debug|Any CPU
		{62849444-5FC7-4900-9806-09092864D376}.Release|Any CPU.ActiveCfg = Release|Any CPU
		{62849444-5FC7-4900-9806-09092864D376}.Release|Any CPU.Build.0 = Release|Any CPU
	EndGlobalSection
	GlobalSection(SolutionProperties) = preSolution
		HideSolutionNode = FALSE
	EndGlobalSection
	GlobalSection(ExtensibilityGlobals) = postSolution
		SolutionGuid = {850B2947-A79A-41D2-BF21-72D7E299DE6A}
	EndGlobalSection
EndGlobal
